
Microsoft Visual Studio Solution File, Format Version 12.00
# Visual Studio 15
VisualStudioVersion = 15.0.27004.2005
MinimumVisualStudioVersion = 10.0.40219.1
Project("{FAE04EC0-301F-11D3-BF4B-00C04F79EFBC}") = "Inventory", "Inventory\Inventory.csproj", "{FA45BEB2-183D-4A7D-B621-4A582795D6D2}"
EndProject
Global
	GlobalSection(SolutionConfigurationPlatforms) = preSolution
		Debug|Any CPU = Debug|Any CPU
		Release|Any CPU = Release|Any CPU
	EndGlobalSection
	GlobalSection(ProjectConfigurationPlatforms) = postSolution
		{FA45BEB2-183D-4A7D-B621-4A582795D6D2}.Debug|Any CPU.ActiveCfg = Debug|Any CPU
		{FA45BEB2-183D-4A7D-B621-4A582795D6D2}.Debug|Any CPU.Build.0 = Debug|Any CPU
		{FA45BEB2-183D-4A7D-B621-4A582795D6D2}.Release|Any CPU.ActiveCfg = Release|Any CPU
		{FA45BEB2-183D-4A7D-B621-4A582795D6D2}.Release|Any CPU.Build.0 = Release|Any CPU
	EndGlobalSection
	GlobalSection(SolutionProperties) = preSolution
		HideSolutionNode = FALSE
	EndGlobalSection
	GlobalSection(ExtensibilityGlobals) = postSolution
		SolutionGuid = {287A94C3-F343-40F7-B4E6-01A86A39C925}
	EndGlobalSection
EndGlobal
